
Microsoft Visual Studio Solution File, Format Version 12.00
# Visual Studio Version 16
VisualStudioVersion = 16.0.30621.155
MinimumVisualStudioVersion = 10.0.40219.1
Project("{FAE04EC0-301F-11D3-BF4B-00C04F79EFBC}") = "RahastoGrafiikka", "RahastoGrafiikka\RahastoGrafiikka.csproj", "{8B119C72-F573-4118-9782-CD3B17DAFF0A}"
EndProject
Global
	GlobalSection(SolutionConfigurationPlatforms) = preSolution
		Debug|Any CPU = Debug|Any CPU
		Release|Any CPU = Release|Any CPU
	EndGlobalSection
	GlobalSection(ProjectConfigurationPlatforms) = postSolution
		{8B119C72-F573-4118-9782-CD3B17DAFF0A}.Debug|Any CPU.ActiveCfg = Debug|Any CPU
		{8B119C72-F573-4118-9782-CD3B17DAFF0A}.Debug|Any CPU.Build.0 = Debug|Any CPU
		{8B119C72-F573-4118-9782-CD3B17DAFF0A}.Release|Any CPU.ActiveCfg = Release|Any CPU
		{8B119C72-F573-4118-9782-CD3B17DAFF0A}.Release|Any CPU.Build.0 = Release|Any CPU
	EndGlobalSection
	GlobalSection(SolutionProperties) = preSolution
		HideSolutionNode = FALSE
	EndGlobalSection
	GlobalSection(ExtensibilityGlobals) = postSolution
		SolutionGuid = {4DB0F174-4965-419E-8D1C-29CE6DE1BFE9}
	EndGlobalSection
EndGlobal
